
Microsoft Visual Studio Solution File, Format Version 12.00
# Visual Studio Version 16
VisualStudioVersion = 16.0.28803.156
MinimumVisualStudioVersion = 10.0.40219.1
Project("{FAE04EC0-301F-11D3-BF4B-00C04F79EFBC}") = "WinForms.App", "WinForms.App\WinForms.App.csproj", "{064E9FBC-D854-4F90-AE9D-C346904DBA0D}"
EndProject
Global
	GlobalSection(SolutionConfigurationPlatforms) = preSolution
		Debug|Any CPU = Debug|Any CPU
		Release|Any CPU = Release|Any CPU
	EndGlobalSection
	GlobalSection(ProjectConfigurationPlatforms) = postSolution
		{064E9FBC-D854-4F90-AE9D-C346904DBA0D}.Debug|Any CPU.ActiveCfg = Debug|Any CPU
		{064E9FBC-D854-4F90-AE9D-C346904DBA0D}.Debug|Any CPU.Build.0 = Debug|Any CPU
		{064E9FBC-D854-4F90-AE9D-C346904DBA0D}.Release|Any CPU.ActiveCfg = Release|Any CPU
		{064E9FBC-D854-4F90-AE9D-C346904DBA0D}.Release|Any CPU.Build.0 = Release|Any CPU
	EndGlobalSection
	GlobalSection(SolutionProperties) = preSolution
		HideSolutionNode = FALSE
	EndGlobalSection
	GlobalSection(ExtensibilityGlobals) = postSolution
		SolutionGuid = {D8EB0DA7-2F9C-4B81-A89D-3F348EADB76B}
	EndGlobalSection
EndGlobal
