
Microsoft Visual Studio Solution File, Format Version 12.00
# Visual Studio Version 16
VisualStudioVersion = 16.0.28803.156
MinimumVisualStudioVersion = 10.0.40219.1
Project("{FAE04EC0-301F-11D3-BF4B-00C04F79EFBC}") = "WinForms.App", "WinForms.App\WinForms.App.csproj", "{064E9FBC-D854-4F90-AE9D-C346904DBA0D}"
EndProject
Project("{FAE04EC0-301F-11D3-BF4B-00C04F79EFBC}") = "Console.App", "Console.App\Console.App.csproj", "{B4175134-2A0D-4FD3-B1A8-9553C17C2B35}"
EndProject
Project("{D954291E-2A0B-460D-934E-DC6B0785DB48}") = "LibCredit", "LibCredit\LibCredit.shproj", "{5A28885A-CCC8-463E-BF09-8FB586DF981D}"
EndProject
Global
	GlobalSection(SharedMSBuildProjectFiles) = preSolution
		LibCredit\LibCredit.projitems*{064e9fbc-d854-4f90-ae9d-c346904dba0d}*SharedItemsImports = 4
		LibCredit\LibCredit.projitems*{5a28885a-ccc8-463e-bf09-8fb586df981d}*SharedItemsImports = 13
		LibCredit\LibCredit.projitems*{b4175134-2a0d-4fd3-b1a8-9553c17c2b35}*SharedItemsImports = 4
	EndGlobalSection
	GlobalSection(SolutionConfigurationPlatforms) = preSolution
		Debug|Any CPU = Debug|Any CPU
		Release|Any CPU = Release|Any CPU
	EndGlobalSection
	GlobalSection(ProjectConfigurationPlatforms) = postSolution
		{064E9FBC-D854-4F90-AE9D-C346904DBA0D}.Debug|Any CPU.ActiveCfg = Debug|Any CPU
		{064E9FBC-D854-4F90-AE9D-C346904DBA0D}.Debug|Any CPU.Build.0 = Debug|Any CPU
		{064E9FBC-D854-4F90-AE9D-C346904DBA0D}.Release|Any CPU.ActiveCfg = Release|Any CPU
		{064E9FBC-D854-4F90-AE9D-C346904DBA0D}.Release|Any CPU.Build.0 = Release|Any CPU
		{B4175134-2A0D-4FD3-B1A8-9553C17C2B35}.Debug|Any CPU.ActiveCfg = Debug|Any CPU
		{B4175134-2A0D-4FD3-B1A8-9553C17C2B35}.Debug|Any CPU.Build.0 = Debug|Any CPU
		{B4175134-2A0D-4FD3-B1A8-9553C17C2B35}.Release|Any CPU.ActiveCfg = Release|Any CPU
		{B4175134-2A0D-4FD3-B1A8-9553C17C2B35}.Release|Any CPU.Build.0 = Release|Any CPU
	EndGlobalSection
	GlobalSection(SolutionProperties) = preSolution
		HideSolutionNode = FALSE
	EndGlobalSection
	GlobalSection(ExtensibilityGlobals) = postSolution
		SolutionGuid = {D8EB0DA7-2F9C-4B81-A89D-3F348EADB76B}
	EndGlobalSection
EndGlobal
